
Microsoft Visual Studio Solution File, Format Version 12.00
# Visual Studio Version 17
VisualStudioVersion = 17.4.33110.190
MinimumVisualStudioVersion = 10.0.40219.1
Project("{FAE04EC0-301F-11D3-BF4B-00C04F79EFBC}") = "SSS-FullyStackedTeam", "SSS-FullyStackedTeam\SSS-FullyStackedTeam.csproj", "{F82DE85A-E635-4673-A692-132159BE4265}"
EndProject
Global
	GlobalSection(SolutionConfigurationPlatforms) = preSolution
		Debug|Any CPU = Debug|Any CPU
		Release|Any CPU = Release|Any CPU
	EndGlobalSection
	GlobalSection(ProjectConfigurationPlatforms) = postSolution
		{F82DE85A-E635-4673-A692-132159BE4265}.Debug|Any CPU.ActiveCfg = Debug|Any CPU
		{F82DE85A-E635-4673-A692-132159BE4265}.Debug|Any CPU.Build.0 = Debug|Any CPU
		{F82DE85A-E635-4673-A692-132159BE4265}.Release|Any CPU.ActiveCfg = Release|Any CPU
		{F82DE85A-E635-4673-A692-132159BE4265}.Release|Any CPU.Build.0 = Release|Any CPU
	EndGlobalSection
	GlobalSection(SolutionProperties) = preSolution
		HideSolutionNode = FALSE
	EndGlobalSection
	GlobalSection(ExtensibilityGlobals) = postSolution
		SolutionGuid = {9EAB0817-76A1-439B-A904-914B53D4564B}
	EndGlobalSection
EndGlobal
